
Microsoft Visual Studio Solution File, Format Version 12.00
# Visual Studio Version 17
VisualStudioVersion = 17.0.31903.59
MinimumVisualStudioVersion = 10.0.40219.1
Project("{2150E333-8FDC-42A3-9474-1A3956D46DE8}") = "src", "src", "{827E0CD3-B72D-47B6-A68D-7590B98EB39B}"
EndProject
Project("{2150E333-8FDC-42A3-9474-1A3956D46DE8}") = "Core", "Core", "{8D626EA8-CB54-BC41-363A-217881BEBA6E}"
EndProject
Project("{FAE04EC0-301F-11D3-BF4B-00C04F79EFBC}") = "HalconWorkflow.Core", "src\Core\HalconWorkflow.Core.csproj", "{9069D248-F0CE-430A-A3D7-E7BFD7635B60}"
EndProject
Project("{FAE04EC0-301F-11D3-BF4B-00C04F79EFBC}") = "HalconWorkflow.Abstractions", "src\Abstractions\HalconWorkflow.Abstractions.csproj", "{EC2A59F0-6B9A-414A-BFEF-685C4F57F8F1}"
EndProject
Project("{FAE04EC0-301F-11D3-BF4B-00C04F79EFBC}") = "HalconWorkflow.Core.Tests", "src\Core.Tests\HalconWorkflow.Core.Tests.csproj", "{D349A222-B20A-47BC-AB2F-914E6AA4ECB3}"
EndProject
Project("{2150E333-8FDC-42A3-9474-1A3956D46DE8}") = "Runtime", "Runtime", "{09108480-725A-3CF3-E626-E2F33F0A58E4}"
EndProject
Project("{FAE04EC0-301F-11D3-BF4B-00C04F79EFBC}") = "HalconWorkflow.Runtime", "src\Runtime\HalconWorkflow.Runtime.csproj", "{E0A5C0CE-8995-411D-9ED0-572B94688CAB}"
EndProject
Project("{FAE04EC0-301F-11D3-BF4B-00C04F79EFBC}") = "HalconWorkflow.Runtime.Tests", "src\Runtime.Tests\HalconWorkflow.Runtime.Tests.csproj", "{3F4AA565-009E-4A23-A5EA-62B1E3BD5029}"
EndProject
Project("{2150E333-8FDC-42A3-9474-1A3956D46DE8}") = "App", "App", "{547E75E0-49BC-27F6-65D6-DF25CFFB661A}"
EndProject
Project("{FAE04EC0-301F-11D3-BF4B-00C04F79EFBC}") = "HalconWorkflow.App", "src\App\HalconWorkflow.App.csproj", "{302E48DF-09FB-49F0-BB58-62CAC25D3BB8}"
EndProject
Project("{2150E333-8FDC-42A3-9474-1A3956D46DE8}") = "App.Tests", "App.Tests", "{B858B291-6694-4F4F-6ACD-B440EE047BFB}"
EndProject
Project("{FAE04EC0-301F-11D3-BF4B-00C04F79EFBC}") = "HalconWorkflow.App.Tests", "src\App.Tests\HalconWorkflow.App.Tests.csproj", "{49EE203E-5A6F-438C-B3C3-C7D7D3E6D15B}"
EndProject
Project("{2150E333-8FDC-42A3-9474-1A3956D46DE8}") = "Nodes.Flow", "Nodes.Flow", "{ADBF7C55-E4CD-9CBC-6C69-7DAFC7CAC9C8}"
EndProject
Project("{FAE04EC0-301F-11D3-BF4B-00C04F79EFBC}") = "HalconWorkflow.Nodes.Flow", "src\Nodes.Flow\HalconWorkflow.Nodes.Flow.csproj", "{4B325F10-2CC5-4773-824F-1442385B87E8}"
EndProject
Project("{FAE04EC0-301F-11D3-BF4B-00C04F79EFBC}") = "HalconWorkflow.Nodes.Flow.Tests", "src\Nodes.Flow.Tests\HalconWorkflow.Nodes.Flow.Tests.csproj", "{36D88A52-2AE7-4788-B5E8-B335F7AB0D1C}"
EndProject
Global
	GlobalSection(SolutionConfigurationPlatforms) = preSolution
		Debug|Any CPU = Debug|Any CPU
		Debug|x64 = Debug|x64
		Debug|x86 = Debug|x86
		Release|Any CPU = Release|Any CPU
		Release|x64 = Release|x64
		Release|x86 = Release|x86
	EndGlobalSection
	GlobalSection(ProjectConfigurationPlatforms) = postSolution
		{9069D248-F0CE-430A-A3D7-E7BFD7635B60}.Debug|Any CPU.ActiveCfg = Debug|Any CPU
		{9069D248-F0CE-430A-A3D7-E7BFD7635B60}.Debug|Any CPU.Build.0 = Debug|Any CPU
		{9069D248-F0CE-430A-A3D7-E7BFD7635B60}.Debug|x64.ActiveCfg = Debug|Any CPU
		{9069D248-F0CE-430A-A3D7-E7BFD7635B60}.Debug|x64.Build.0 = Debug|Any CPU
		{9069D248-F0CE-430A-A3D7-E7BFD7635B60}.Debug|x86.ActiveCfg = Debug|Any CPU
		{9069D248-F0CE-430A-A3D7-E7BFD7635B60}.Debug|x86.Build.0 = Debug|Any CPU
		{9069D248-F0CE-430A-A3D7-E7BFD7635B60}.Release|Any CPU.ActiveCfg = Release|Any CPU
		{9069D248-F0CE-430A-A3D7-E7BFD7635B60}.Release|Any CPU.Build.0 = Release|Any CPU
		{9069D248-F0CE-430A-A3D7-E7BFD7635B60}.Release|x64.ActiveCfg = Release|Any CPU
		{9069D248-F0CE-430A-A3D7-E7BFD7635B60}.Release|x64.Build.0 = Release|Any CPU
		{9069D248-F0CE-430A-A3D7-E7BFD7635B60}.Release|x86.ActiveCfg = Release|Any CPU
		{9069D248-F0CE-430A-A3D7-E7BFD7635B60}.Release|x86.Build.0 = Release|Any CPU
		{EC2A59F0-6B9A-414A-BFEF-685C4F57F8F1}.Debug|Any CPU.ActiveCfg = Debug|Any CPU
		{EC2A59F0-6B9A-414A-BFEF-685C4F57F8F1}.Debug|Any CPU.Build.0 = Debug|Any CPU
		{EC2A59F0-6B9A-414A-BFEF-685C4F57F8F1}.Debug|x64.ActiveCfg = Debug|Any CPU
		{EC2A59F0-6B9A-414A-BFEF-685C4F57F8F1}.Debug|x64.Build.0 = Debug|Any CPU
		{EC2A59F0-6B9A-414A-BFEF-685C4F57F8F1}.Debug|x86.ActiveCfg = Debug|Any CPU
		{EC2A59F0-6B9A-414A-BFEF-685C4F57F8F1}.Debug|x86.Build.0 = Debug|Any CPU
		{EC2A59F0-6B9A-414A-BFEF-685C4F57F8F1}.Release|Any CPU.ActiveCfg = Release|Any CPU
		{EC2A59F0-6B9A-414A-BFEF-685C4F57F8F1}.Release|Any CPU.Build.0 = Release|Any CPU
		{EC2A59F0-6B9A-414A-BFEF-685C4F57F8F1}.Release|x64.ActiveCfg = Release|Any CPU
		{EC2A59F0-6B9A-414A-BFEF-685C4F57F8F1}.Release|x64.Build.0 = Release|Any CPU
		{EC2A59F0-6B9A-414A-BFEF-685C4F57F8F1}.Release|x86.ActiveCfg = Release|Any CPU
		{EC2A59F0-6B9A-414A-BFEF-685C4F57F8F1}.Release|x86.Build.0 = Release|Any CPU
		{D349A222-B20A-47BC-AB2F-914E6AA4ECB3}.Debug|Any CPU.ActiveCfg = Debug|Any CPU
		{D349A222-B20A-47BC-AB2F-914E6AA4ECB3}.Debug|Any CPU.Build.0 = Debug|Any CPU
		{D349A222-B20A-47BC-AB2F-914E6AA4ECB3}.Debug|x64.ActiveCfg = Debug|Any CPU
		{D349A222-B20A-47BC-AB2F-914E6AA4ECB3}.Debug|x64.Build.0 = Debug|Any CPU
		{D349A222-B20A-47BC-AB2F-914E6AA4ECB3}.Debug|x86.ActiveCfg = Debug|Any CPU
		{D349A222-B20A-47BC-AB2F-914E6AA4ECB3}.Debug|x86.Build.0 = Debug|Any CPU
		{D349A222-B20A-47BC-AB2F-914E6AA4ECB3}.Release|Any CPU.ActiveCfg = Release|Any CPU
		{D349A222-B20A-47BC-AB2F-914E6AA4ECB3}.Release|Any CPU.Build.0 = Release|Any CPU
		{D349A222-B20A-47BC-AB2F-914E6AA4ECB3}.Release|x64.ActiveCfg = Release|Any CPU
		{D349A222-B20A-47BC-AB2F-914E6AA4ECB3}.Release|x64.Build.0 = Release|Any CPU
		{D349A222-B20A-47BC-AB2F-914E6AA4ECB3}.Release|x86.ActiveCfg = Release|Any CPU
		{D349A222-B20A-47BC-AB2F-914E6AA4ECB3}.Release|x86.Build.0 = Release|Any CPU
		{E0A5C0CE-8995-411D-9ED0-572B94688CAB}.Debug|Any CPU.ActiveCfg = Debug|Any CPU
		{E0A5C0CE-8995-411D-9ED0-572B94688CAB}.Debug|Any CPU.Build.0 = Debug|Any CPU
		{E0A5C0CE-8995-411D-9ED0-572B94688CAB}.Debug|x64.ActiveCfg = Debug|Any CPU
		{E0A5C0CE-8995-411D-9ED0-572B94688CAB}.Debug|x64.Build.0 = Debug|Any CPU
		{E0A5C0CE-8995-411D-9ED0-572B94688CAB}.Debug|x86.ActiveCfg = Debug|Any CPU
		{E0A5C0CE-8995-411D-9ED0-572B94688CAB}.Debug|x86.Build.0 = Debug|Any CPU
		{E0A5C0CE-8995-411D-9ED0-572B94688CAB}.Release|Any CPU.ActiveCfg = Release|Any CPU
		{E0A5C0CE-8995-411D-9ED0-572B94688CAB}.Release|Any CPU.Build.0 = Release|Any CPU
		{E0A5C0CE-8995-411D-9ED0-572B94688CAB}.Release|x64.ActiveCfg = Release|Any CPU
		{E0A5C0CE-8995-411D-9ED0-572B94688CAB}.Release|x64.Build.0 = Release|Any CPU
		{E0A5C0CE-8995-411D-9ED0-572B94688CAB}.Release|x86.ActiveCfg = Release|Any CPU
		{E0A5C0CE-8995-411D-9ED0-572B94688CAB}.Release|x86.Build.0 = Release|Any CPU
		{3F4AA565-009E-4A23-A5EA-62B1E3BD5029}.Debug|Any CPU.ActiveCfg = Debug|Any CPU
		{3F4AA565-009E-4A23-A5EA-62B1E3BD5029}.Debug|Any CPU.Build.0 = Debug|Any CPU
		{3F4AA565-009E-4A23-A5EA-62B1E3BD5029}.Debug|x64.ActiveCfg = Debug|Any CPU
		{3F4AA565-009E-4A23-A5EA-62B1E3BD5029}.Debug|x64.Build.0 = Debug|Any CPU
		{3F4AA565-009E-4A23-A5EA-62B1E3BD5029}.Debug|x86.ActiveCfg = Debug|Any CPU
		{3F4AA565-009E-4A23-A5EA-62B1E3BD5029}.Debug|x86.Build.0 = Debug|Any CPU
		{3F4AA565-009E-4A23-A5EA-62B1E3BD5029}.Release|Any CPU.ActiveCfg = Release|Any CPU
		{3F4AA565-009E-4A23-A5EA-62B1E3BD5029}.Release|Any CPU.Build.0 = Release|Any CPU
		{3F4AA565-009E-4A23-A5EA-62B1E3BD5029}.Release|x64.ActiveCfg = Release|Any CPU
		{3F4AA565-009E-4A23-A5EA-62B1E3BD5029}.Release|x64.Build.0 = Release|Any CPU
		{3F4AA565-009E-4A23-A5EA-62B1E3BD5029}.Release|x86.ActiveCfg = Release|Any CPU
		{3F4AA565-009E-4A23-A5EA-62B1E3BD5029}.Release|x86.Build.0 = Release|Any CPU
		{302E48DF-09FB-49F0-BB58-62CAC25D3BB8}.Debug|Any CPU.ActiveCfg = Debug|Any CPU
		{302E48DF-09FB-49F0-BB58-62CAC25D3BB8}.Debug|Any CPU.Build.0 = Debug|Any CPU
		{302E48DF-09FB-49F0-BB58-62CAC25D3BB8}.Debug|x64.ActiveCfg = Debug|Any CPU
		{302E48DF-09FB-49F0-BB58-62CAC25D3BB8}.Debug|x64.Build.0 = Debug|Any CPU
		{302E48DF-09FB-49F0-BB58-62CAC25D3BB8}.Debug|x86.ActiveCfg = Debug|Any CPU
		{302E48DF-09FB-49F0-BB58-62CAC25D3BB8}.Debug|x86.Build.0 = Debug|Any CPU
		{302E48DF-09FB-49F0-BB58-62CAC25D3BB8}.Release|Any CPU.ActiveCfg = Release|Any CPU
		{302E48DF-09FB-49F0-BB58-62CAC25D3BB8}.Release|Any CPU.Build.0 = Release|Any CPU
		{302E48DF-09FB-49F0-BB58-62CAC25D3BB8}.Release|x64.ActiveCfg = Release|Any CPU
		{302E48DF-09FB-49F0-BB58-62CAC25D3BB8}.Release|x64.Build.0 = Release|Any CPU
		{302E48DF-09FB-49F0-BB58-62CAC25D3BB8}.Release|x86.ActiveCfg = Release|Any CPU
		{302E48DF-09FB-49F0-BB58-62CAC25D3BB8}.Release|x86.Build.0 = Release|Any CPU
		{49EE203E-5A6F-438C-B3C3-C7D7D3E6D15B}.Debug|Any CPU.ActiveCfg = Debug|Any CPU
		{49EE203E-5A6F-438C-B3C3-C7D7D3E6D15B}.Debug|Any CPU.Build.0 = Debug|Any CPU
		{49EE203E-5A6F-438C-B3C3-C7D7D3E6D15B}.Debug|x64.ActiveCfg = Debug|Any CPU
		{49EE203E-5A6F-438C-B3C3-C7D7D3E6D15B}.Debug|x64.Build.0 = Debug|Any CPU
		{49EE203E-5A6F-438C-B3C3-C7D7D3E6D15B}.Debug|x86.ActiveCfg = Debug|Any CPU
		{49EE203E-5A6F-438C-B3C3-C7D7D3E6D15B}.Debug|x86.Build.0 = Debug|Any CPU
		{49EE203E-5A6F-438C-B3C3-C7D7D3E6D15B}.Release|Any CPU.ActiveCfg = Release|Any CPU
		{49EE203E-5A6F-438C-B3C3-C7D7D3E6D15B}.Release|Any CPU.Build.0 = Release|Any CPU
		{49EE203E-5A6F-438C-B3C3-C7D7D3E6D15B}.Release|x64.ActiveCfg = Release|Any CPU
		{49EE203E-5A6F-438C-B3C3-C7D7D3E6D15B}.Release|x64.Build.0 = Release|Any CPU
		{49EE203E-5A6F-438C-B3C3-C7D7D3E6D15B}.Release|x86.ActiveCfg = Release|Any CPU
		{49EE203E-5A6F-438C-B3C3-C7D7D3E6D15B}.Release|x86.Build.0 = Release|Any CPU
		{4B325F10-2CC5-4773-824F-1442385B87E8}.Debug|Any CPU.ActiveCfg = Debug|Any CPU
		{4B325F10-2CC5-4773-824F-1442385B87E8}.Debug|Any CPU.Build.0 = Debug|Any CPU
		{4B325F10-2CC5-4773-824F-1442385B87E8}.Debug|x64.ActiveCfg = Debug|Any CPU
		{4B325F10-2CC5-4773-824F-1442385B87E8}.Debug|x64.Build.0 = Debug|Any CPU
		{4B325F10-2CC5-4773-824F-1442385B87E8}.Debug|x86.ActiveCfg = Debug|Any CPU
		{4B325F10-2CC5-4773-824F-1442385B87E8}.Debug|x86.Build.0 = Debug|Any CPU
		{4B325F10-2CC5-4773-824F-1442385B87E8}.Release|Any CPU.ActiveCfg = Release|Any CPU
		{4B325F10-2CC5-4773-824F-1442385B87E8}.Release|Any CPU.Build.0 = Release|Any CPU
		{4B325F10-2CC5-4773-824F-1442385B87E8}.Release|x64.ActiveCfg = Release|Any CPU
		{4B325F10-2CC5-4773-824F-1442385B87E8}.Release|x64.Build.0 = Release|Any CPU
		{4B325F10-2CC5-4773-824F-1442385B87E8}.Release|x86.ActiveCfg = Release|Any CPU
		{4B325F10-2CC5-4773-824F-1442385B87E8}.Release|x86.Build.0 = Release|Any CPU
		{36D88A52-2AE7-4788-B5E8-B335F7AB0D1C}.Debug|Any CPU.ActiveCfg = Debug|Any CPU
		{36D88A52-2AE7-4788-B5E8-B335F7AB0D1C}.Debug|Any CPU.Build.0 = Debug|Any CPU
		{36D88A52-2AE7-4788-B5E8-B335F7AB0D1C}.Debug|x64.ActiveCfg = Debug|Any CPU
		{36D88A52-2AE7-4788-B5E8-B335F7AB0D1C}.Debug|x64.Build.0 = Debug|Any CPU
		{36D88A52-2AE7-4788-B5E8-B335F7AB0D1C}.Debug|x86.ActiveCfg = Debug|Any CPU
		{36D88A52-2AE7-4788-B5E8-B335F7AB0D1C}.Debug|x86.Build.0 = Debug|Any CPU
		{36D88A52-2AE7-4788-B5E8-B335F7AB0D1C}.Release|Any CPU.ActiveCfg = Release|Any CPU
		{36D88A52-2AE7-4788-B5E8-B335F7AB0D1C}.Release|Any CPU.Build.0 = Release|Any CPU
		{36D88A52-2AE7-4788-B5E8-B335F7AB0D1C}.Release|x64.ActiveCfg = Release|Any CPU
		{36D88A52-2AE7-4788-B5E8-B335F7AB0D1C}.Release|x64.Build.0 = Release|Any CPU
		{36D88A52-2AE7-4788-B5E8-B335F7AB0D1C}.Release|x86.ActiveCfg = Release|Any CPU
		{36D88A52-2AE7-4788-B5E8-B335F7AB0D1C}.Release|x86.Build.0 = Release|Any CPU
	EndGlobalSection
	GlobalSection(SolutionProperties) = preSolution
		HideSolutionNode = FALSE
	EndGlobalSection
	GlobalSection(NestedProjects) = preSolution
		{8D626EA8-CB54-BC41-363A-217881BEBA6E} = {827E0CD3-B72D-47B6-A68D-7590B98EB39B}
		{9069D248-F0CE-430A-A3D7-E7BFD7635B60} = {8D626EA8-CB54-BC41-363A-217881BEBA6E}
		{EC2A59F0-6B9A-414A-BFEF-685C4F57F8F1} = {8D626EA8-CB54-BC41-363A-217881BEBA6E}
		{D349A222-B20A-47BC-AB2F-914E6AA4ECB3} = {8D626EA8-CB54-BC41-363A-217881BEBA6E}
		{09108480-725A-3CF3-E626-E2F33F0A58E4} = {827E0CD3-B72D-47B6-A68D-7590B98EB39B}
		{E0A5C0CE-8995-411D-9ED0-572B94688CAB} = {09108480-725A-3CF3-E626-E2F33F0A58E4}
		{3F4AA565-009E-4A23-A5EA-62B1E3BD5029} = {09108480-725A-3CF3-E626-E2F33F0A58E4}
		{547E75E0-49BC-27F6-65D6-DF25CFFB661A} = {827E0CD3-B72D-47B6-A68D-7590B98EB39B}
		{302E48DF-09FB-49F0-BB58-62CAC25D3BB8} = {547E75E0-49BC-27F6-65D6-DF25CFFB661A}
		{B858B291-6694-4F4F-6ACD-B440EE047BFB} = {827E0CD3-B72D-47B6-A68D-7590B98EB39B}
		{49EE203E-5A6F-438C-B3C3-C7D7D3E6D15B} = {B858B291-6694-4F4F-6ACD-B440EE047BFB}
		{ADBF7C55-E4CD-9CBC-6C69-7DAFC7CAC9C8} = {827E0CD3-B72D-47B6-A68D-7590B98EB39B}
		{4B325F10-2CC5-4773-824F-1442385B87E8} = {ADBF7C55-E4CD-9CBC-6C69-7DAFC7CAC9C8}
		{36D88A52-2AE7-4788-B5E8-B335F7AB0D1C} = {ADBF7C55-E4CD-9CBC-6C69-7DAFC7CAC9C8}
	EndGlobalSection
EndGlobal
