
Microsoft Visual Studio Solution File, Format Version 12.00
# Visual Studio Version 17
VisualStudioVersion = 17.0.31903.59
MinimumVisualStudioVersion = 10.0.40219.1
Project("{2150E333-8FDC-42A3-9474-1A3956D46DE8}") = "src", "src", "{827E0CD3-B72D-47B6-A68D-7590B98EB39B}"
EndProject
Project("{2150E333-8FDC-42A3-9474-1A3956D46DE8}") = "Core", "Core", "{8D626EA8-CB54-BC41-363A-217881BEBA6E}"
EndProject
Project("{FAE04EC0-301F-11D3-BF4B-00C04F79EFBC}") = "HalconWorkflow.Core", "src\Core\HalconWorkflow.Core.csproj", "{9069D248-F0CE-430A-A3D7-E7BFD7635B60}"
EndProject
Project("{FAE04EC0-301F-11D3-BF4B-00C04F79EFBC}") = "HalconWorkflow.Abstractions", "src\Abstractions\HalconWorkflow.Abstractions.csproj", "{EC2A59F0-6B9A-414A-BFEF-685C4F57F8F1}"
EndProject
Project("{FAE04EC0-301F-11D3-BF4B-00C04F79EFBC}") = "HalconWorkflow.Core.Tests", "src\Core.Tests\HalconWorkflow.Core.Tests.csproj", "{D349A222-B20A-47BC-AB2F-914E6AA4ECB3}"
EndProject
Project("{2150E333-8FDC-42A3-9474-1A3956D46DE8}") = "Runtime", "Runtime", "{09108480-725A-3CF3-E626-E2F33F0A58E4}"
EndProject
Project("{FAE04EC0-301F-11D3-BF4B-00C04F79EFBC}") = "HalconWorkflow.Runtime", "src\Runtime\HalconWorkflow.Runtime.csproj", "{E0A5C0CE-8995-411D-9ED0-572B94688CAB}"
EndProject
Project("{FAE04EC0-301F-11D3-BF4B-00C04F79EFBC}") = "HalconWorkflow.Runtime.Tests", "src\Runtime.Tests\HalconWorkflow.Runtime.Tests.csproj", "{3F4AA565-009E-4A23-A5EA-62B1E3BD5029}"
EndProject
Project("{2150E333-8FDC-42A3-9474-1A3956D46DE8}") = "App", "App", "{547E75E0-49BC-27F6-65D6-DF25CFFB661A}"
EndProject
Project("{FAE04EC0-301F-11D3-BF4B-00C04F79EFBC}") = "HalconWorkflow.App", "src\App\HalconWorkflow.App.csproj", "{302E48DF-09FB-49F0-BB58-62CAC25D3BB8}"
EndProject
Project("{2150E333-8FDC-42A3-9474-1A3956D46DE8}") = "App.Tests", "App.Tests", "{B858B291-6694-4F4F-6ACD-B440EE047BFB}"
EndProject
Project("{FAE04EC0-301F-11D3-BF4B-00C04F79EFBC}") = "HalconWorkflow.App.Tests", "src\App.Tests\HalconWorkflow.App.Tests.csproj", "{49EE203E-5A6F-438C-B3C3-C7D7D3E6D15B}"
EndProject
Project("{2150E333-8FDC-42A3-9474-1A3956D46DE8}") = "Nodes.Flow", "Nodes.Flow", "{ADBF7C55-E4CD-9CBC-6C69-7DAFC7CAC9C8}"
EndProject
Project("{FAE04EC0-301F-11D3-BF4B-00C04F79EFBC}") = "HalconWorkflow.Nodes.Flow", "src\Nodes.Flow\HalconWorkflow.Nodes.Flow.csproj", "{4B325F10-2CC5-4773-824F-1442385B87E8}"
EndProject
Project("{FAE04EC0-301F-11D3-BF4B-00C04F79EFBC}") = "HalconWorkflow.Nodes.Flow.Tests", "src\Nodes.Flow.Tests\HalconWorkflow.Nodes.Flow.Tests.csproj", "{36D88A52-2AE7-4788-B5E8-B335F7AB0D1C}"
EndProject
Project("{2150E333-8FDC-42A3-9474-1A3956D46DE8}") = "Nodes.Vision", "Nodes.Vision", "{90278563-24EF-8375-17C5-907445675A63}"
EndProject
Project("{FAE04EC0-301F-11D3-BF4B-00C04F79EFBC}") = "HalconWorkflow.Nodes.Vision", "src\Nodes.Vision\HalconWorkflow.Nodes.Vision.csproj", "{5D325B0A-AB41-4577-99FB-DC1777DBDCFA}"
EndProject
Project("{FAE04EC0-301F-11D3-BF4B-00C04F79EFBC}") = "HalconWorkflow.Nodes.Vision.Tests", "src\Nodes.Vision.Tests\HalconWorkflow.Nodes.Vision.Tests.csproj", "{60768DB0-81AC-4FEA-8BD8-52CF0689B460}"
EndProject
Project("{2150E333-8FDC-42A3-9474-1A3956D46DE8}") = "Protocols", "Protocols", "{351A7BE6-B036-BDE8-A0F1-BA266E226DDF}"
EndProject
Project("{FAE04EC0-301F-11D3-BF4B-00C04F79EFBC}") = "HalconWorkflow.Protocols", "src\Protocols\HalconWorkflow.Protocols.csproj", "{22D323CD-12FB-419B-8B9E-978F7825C128}"
EndProject
Project("{2150E333-8FDC-42A3-9474-1A3956D46DE8}") = "Nodes.Comm", "Nodes.Comm", "{5E638663-E2E8-BA95-4262-ED9AF1A2B426}"
EndProject
Project("{FAE04EC0-301F-11D3-BF4B-00C04F79EFBC}") = "HalconWorkflow.Nodes.Comm", "src\Nodes.Comm\HalconWorkflow.Nodes.Comm.csproj", "{CC40B612-DC11-4576-9EB9-63E70C008FC6}"
EndProject
Project("{2150E333-8FDC-42A3-9474-1A3956D46DE8}") = "Protocols.Tests", "Protocols.Tests", "{DD1FA8D5-FF0C-725E-47E0-4BB71A28F0D1}"
EndProject
Project("{FAE04EC0-301F-11D3-BF4B-00C04F79EFBC}") = "HalconWorkflow.Protocols.Tests", "src\Protocols.Tests\HalconWorkflow.Protocols.Tests.csproj", "{1E7A8714-DE2B-404B-BA21-B47519173D2F}"
EndProject
Project("{2150E333-8FDC-42A3-9474-1A3956D46DE8}") = "Nodes.Comm.Tests", "Nodes.Comm.Tests", "{A5179C31-AFC4-331C-EE57-711AFE8D52FD}"
EndProject
Project("{FAE04EC0-301F-11D3-BF4B-00C04F79EFBC}") = "HalconWorkflow.Nodes.Comm.Tests", "src\Nodes.Comm.Tests\HalconWorkflow.Nodes.Comm.Tests.csproj", "{8BDFC0BA-EF11-47D7-9A81-54400309CE7F}"
EndProject
Project("{2150E333-8FDC-42A3-9474-1A3956D46DE8}") = "MotionDrivers", "MotionDrivers", "{48426FFD-49C5-4FEC-3D33-2CFC51CFFB3C}"
EndProject
Project("{FAE04EC0-301F-11D3-BF4B-00C04F79EFBC}") = "HalconWorkflow.MotionDrivers", "src\MotionDrivers\HalconWorkflow.MotionDrivers.csproj", "{71772716-9F26-4512-9140-A953332C811C}"
EndProject
Project("{FAE04EC0-301F-11D3-BF4B-00C04F79EFBC}") = "HalconWorkflow.MotionDrivers.Tests", "src\MotionDrivers.Tests\HalconWorkflow.MotionDrivers.Tests.csproj", "{EEB97BB5-C7D8-4468-9AA4-D6037AA54B2D}"
EndProject
Project("{FAE04EC0-301F-11D3-BF4B-00C04F79EFBC}") = "HalconWorkflow.Nodes.Motion", "src\Nodes.Motion\HalconWorkflow.Nodes.Motion.csproj", "{078A011A-05A2-427F-898F-288346BD7DA5}"
EndProject
Project("{FAE04EC0-301F-11D3-BF4B-00C04F79EFBC}") = "HalconWorkflow.Nodes.Motion.Tests", "src\Nodes.Motion.Tests\HalconWorkflow.Nodes.Motion.Tests.csproj", "{2CC5FF45-49B2-42FB-866A-B86481B4E8C4}"
EndProject
Project("{2150E333-8FDC-42A3-9474-1A3956D46DE8}") = "Storage", "Storage", "{75755999-07F8-FCE1-5291-0A39D3ADE9A7}"
EndProject
Project("{FAE04EC0-301F-11D3-BF4B-00C04F79EFBC}") = "HalconWorkflow.Storage", "src\Storage\HalconWorkflow.Storage.csproj", "{4858D78D-F825-4BAF-9116-AA82D6B42CD3}"
EndProject
Project("{FAE04EC0-301F-11D3-BF4B-00C04F79EFBC}") = "HalconWorkflow.Storage.Tests", "src\Storage.Tests\HalconWorkflow.Storage.Tests.csproj", "{5022317C-67D8-47E7-B8D4-1627F7BE7414}"
EndProject
Project("{FAE04EC0-301F-11D3-BF4B-00C04F79EFBC}") = "HalconWorkflow.Nodes.Data", "src\Nodes.Data\HalconWorkflow.Nodes.Data.csproj", "{35CCEFC7-7494-45EF-860E-F61CAEBB5AEA}"
EndProject
Project("{FAE04EC0-301F-11D3-BF4B-00C04F79EFBC}") = "HalconWorkflow.Nodes.Data.Tests", "src\Nodes.Data.Tests\HalconWorkflow.Nodes.Data.Tests.csproj", "{AD4B6764-B869-4DF3-A808-804D8C5E9D52}"
EndProject
Global
	GlobalSection(SolutionConfigurationPlatforms) = preSolution
		Debug|Any CPU = Debug|Any CPU
		Debug|x64 = Debug|x64
		Debug|x86 = Debug|x86
		Release|Any CPU = Release|Any CPU
		Release|x64 = Release|x64
		Release|x86 = Release|x86
	EndGlobalSection
	GlobalSection(ProjectConfigurationPlatforms) = postSolution
		{9069D248-F0CE-430A-A3D7-E7BFD7635B60}.Debug|Any CPU.ActiveCfg = Debug|Any CPU
		{9069D248-F0CE-430A-A3D7-E7BFD7635B60}.Debug|Any CPU.Build.0 = Debug|Any CPU
		{9069D248-F0CE-430A-A3D7-E7BFD7635B60}.Debug|x64.ActiveCfg = Debug|Any CPU
		{9069D248-F0CE-430A-A3D7-E7BFD7635B60}.Debug|x64.Build.0 = Debug|Any CPU
		{9069D248-F0CE-430A-A3D7-E7BFD7635B60}.Debug|x86.ActiveCfg = Debug|Any CPU
		{9069D248-F0CE-430A-A3D7-E7BFD7635B60}.Debug|x86.Build.0 = Debug|Any CPU
		{9069D248-F0CE-430A-A3D7-E7BFD7635B60}.Release|Any CPU.ActiveCfg = Release|Any CPU
		{9069D248-F0CE-430A-A3D7-E7BFD7635B60}.Release|Any CPU.Build.0 = Release|Any CPU
		{9069D248-F0CE-430A-A3D7-E7BFD7635B60}.Release|x64.ActiveCfg = Release|Any CPU
		{9069D248-F0CE-430A-A3D7-E7BFD7635B60}.Release|x64.Build.0 = Release|Any CPU
		{9069D248-F0CE-430A-A3D7-E7BFD7635B60}.Release|x86.ActiveCfg = Release|Any CPU
		{9069D248-F0CE-430A-A3D7-E7BFD7635B60}.Release|x86.Build.0 = Release|Any CPU
		{EC2A59F0-6B9A-414A-BFEF-685C4F57F8F1}.Debug|Any CPU.ActiveCfg = Debug|Any CPU
		{EC2A59F0-6B9A-414A-BFEF-685C4F57F8F1}.Debug|Any CPU.Build.0 = Debug|Any CPU
		{EC2A59F0-6B9A-414A-BFEF-685C4F57F8F1}.Debug|x64.ActiveCfg = Debug|Any CPU
		{EC2A59F0-6B9A-414A-BFEF-685C4F57F8F1}.Debug|x64.Build.0 = Debug|Any CPU
		{EC2A59F0-6B9A-414A-BFEF-685C4F57F8F1}.Debug|x86.ActiveCfg = Debug|Any CPU
		{EC2A59F0-6B9A-414A-BFEF-685C4F57F8F1}.Debug|x86.Build.0 = Debug|Any CPU
		{EC2A59F0-6B9A-414A-BFEF-685C4F57F8F1}.Release|Any CPU.ActiveCfg = Release|Any CPU
		{EC2A59F0-6B9A-414A-BFEF-685C4F57F8F1}.Release|Any CPU.Build.0 = Release|Any CPU
		{EC2A59F0-6B9A-414A-BFEF-685C4F57F8F1}.Release|x64.ActiveCfg = Release|Any CPU
		{EC2A59F0-6B9A-414A-BFEF-685C4F57F8F1}.Release|x64.Build.0 = Release|Any CPU
		{EC2A59F0-6B9A-414A-BFEF-685C4F57F8F1}.Release|x86.ActiveCfg = Release|Any CPU
		{EC2A59F0-6B9A-414A-BFEF-685C4F57F8F1}.Release|x86.Build.0 = Release|Any CPU
		{D349A222-B20A-47BC-AB2F-914E6AA4ECB3}.Debug|Any CPU.ActiveCfg = Debug|Any CPU
		{D349A222-B20A-47BC-AB2F-914E6AA4ECB3}.Debug|Any CPU.Build.0 = Debug|Any CPU
		{D349A222-B20A-47BC-AB2F-914E6AA4ECB3}.Debug|x64.ActiveCfg = Debug|Any CPU
		{D349A222-B20A-47BC-AB2F-914E6AA4ECB3}.Debug|x64.Build.0 = Debug|Any CPU
		{D349A222-B20A-47BC-AB2F-914E6AA4ECB3}.Debug|x86.ActiveCfg = Debug|Any CPU
		{D349A222-B20A-47BC-AB2F-914E6AA4ECB3}.Debug|x86.Build.0 = Debug|Any CPU
		{D349A222-B20A-47BC-AB2F-914E6AA4ECB3}.Release|Any CPU.ActiveCfg = Release|Any CPU
		{D349A222-B20A-47BC-AB2F-914E6AA4ECB3}.Release|Any CPU.Build.0 = Release|Any CPU
		{D349A222-B20A-47BC-AB2F-914E6AA4ECB3}.Release|x64.ActiveCfg = Release|Any CPU
		{D349A222-B20A-47BC-AB2F-914E6AA4ECB3}.Release|x64.Build.0 = Release|Any CPU
		{D349A222-B20A-47BC-AB2F-914E6AA4ECB3}.Release|x86.ActiveCfg = Release|Any CPU
		{D349A222-B20A-47BC-AB2F-914E6AA4ECB3}.Release|x86.Build.0 = Release|Any CPU
		{E0A5C0CE-8995-411D-9ED0-572B94688CAB}.Debug|Any CPU.ActiveCfg = Debug|Any CPU
		{E0A5C0CE-8995-411D-9ED0-572B94688CAB}.Debug|Any CPU.Build.0 = Debug|Any CPU
		{E0A5C0CE-8995-411D-9ED0-572B94688CAB}.Debug|x64.ActiveCfg = Debug|Any CPU
		{E0A5C0CE-8995-411D-9ED0-572B94688CAB}.Debug|x64.Build.0 = Debug|Any CPU
		{E0A5C0CE-8995-411D-9ED0-572B94688CAB}.Debug|x86.ActiveCfg = Debug|Any CPU
		{E0A5C0CE-8995-411D-9ED0-572B94688CAB}.Debug|x86.Build.0 = Debug|Any CPU
		{E0A5C0CE-8995-411D-9ED0-572B94688CAB}.Release|Any CPU.ActiveCfg = Release|Any CPU
		{E0A5C0CE-8995-411D-9ED0-572B94688CAB}.Release|Any CPU.Build.0 = Release|Any CPU
		{E0A5C0CE-8995-411D-9ED0-572B94688CAB}.Release|x64.ActiveCfg = Release|Any CPU
		{E0A5C0CE-8995-411D-9ED0-572B94688CAB}.Release|x64.Build.0 = Release|Any CPU
		{E0A5C0CE-8995-411D-9ED0-572B94688CAB}.Release|x86.ActiveCfg = Release|Any CPU
		{E0A5C0CE-8995-411D-9ED0-572B94688CAB}.Release|x86.Build.0 = Release|Any CPU
		{3F4AA565-009E-4A23-A5EA-62B1E3BD5029}.Debug|Any CPU.ActiveCfg = Debug|Any CPU
		{3F4AA565-009E-4A23-A5EA-62B1E3BD5029}.Debug|Any CPU.Build.0 = Debug|Any CPU
		{3F4AA565-009E-4A23-A5EA-62B1E3BD5029}.Debug|x64.ActiveCfg = Debug|Any CPU
		{3F4AA565-009E-4A23-A5EA-62B1E3BD5029}.Debug|x64.Build.0 = Debug|Any CPU
		{3F4AA565-009E-4A23-A5EA-62B1E3BD5029}.Debug|x86.ActiveCfg = Debug|Any CPU
		{3F4AA565-009E-4A23-A5EA-62B1E3BD5029}.Debug|x86.Build.0 = Debug|Any CPU
		{3F4AA565-009E-4A23-A5EA-62B1E3BD5029}.Release|Any CPU.ActiveCfg = Release|Any CPU
		{3F4AA565-009E-4A23-A5EA-62B1E3BD5029}.Release|Any CPU.Build.0 = Release|Any CPU
		{3F4AA565-009E-4A23-A5EA-62B1E3BD5029}.Release|x64.ActiveCfg = Release|Any CPU
		{3F4AA565-009E-4A23-A5EA-62B1E3BD5029}.Release|x64.Build.0 = Release|Any CPU
		{3F4AA565-009E-4A23-A5EA-62B1E3BD5029}.Release|x86.ActiveCfg = Release|Any CPU
		{3F4AA565-009E-4A23-A5EA-62B1E3BD5029}.Release|x86.Build.0 = Release|Any CPU
		{302E48DF-09FB-49F0-BB58-62CAC25D3BB8}.Debug|Any CPU.ActiveCfg = Debug|Any CPU
		{302E48DF-09FB-49F0-BB58-62CAC25D3BB8}.Debug|Any CPU.Build.0 = Debug|Any CPU
		{302E48DF-09FB-49F0-BB58-62CAC25D3BB8}.Debug|x64.ActiveCfg = Debug|Any CPU
		{302E48DF-09FB-49F0-BB58-62CAC25D3BB8}.Debug|x64.Build.0 = Debug|Any CPU
		{302E48DF-09FB-49F0-BB58-62CAC25D3BB8}.Debug|x86.ActiveCfg = Debug|Any CPU
		{302E48DF-09FB-49F0-BB58-62CAC25D3BB8}.Debug|x86.Build.0 = Debug|Any CPU
		{302E48DF-09FB-49F0-BB58-62CAC25D3BB8}.Release|Any CPU.ActiveCfg = Release|Any CPU
		{302E48DF-09FB-49F0-BB58-62CAC25D3BB8}.Release|Any CPU.Build.0 = Release|Any CPU
		{302E48DF-09FB-49F0-BB58-62CAC25D3BB8}.Release|x64.ActiveCfg = Release|Any CPU
		{302E48DF-09FB-49F0-BB58-62CAC25D3BB8}.Release|x64.Build.0 = Release|Any CPU
		{302E48DF-09FB-49F0-BB58-62CAC25D3BB8}.Release|x86.ActiveCfg = Release|Any CPU
		{302E48DF-09FB-49F0-BB58-62CAC25D3BB8}.Release|x86.Build.0 = Release|Any CPU
		{49EE203E-5A6F-438C-B3C3-C7D7D3E6D15B}.Debug|Any CPU.ActiveCfg = Debug|Any CPU
		{49EE203E-5A6F-438C-B3C3-C7D7D3E6D15B}.Debug|Any CPU.Build.0 = Debug|Any CPU
		{49EE203E-5A6F-438C-B3C3-C7D7D3E6D15B}.Debug|x64.ActiveCfg = Debug|Any CPU
		{49EE203E-5A6F-438C-B3C3-C7D7D3E6D15B}.Debug|x64.Build.0 = Debug|Any CPU
		{49EE203E-5A6F-438C-B3C3-C7D7D3E6D15B}.Debug|x86.ActiveCfg = Debug|Any CPU
		{49EE203E-5A6F-438C-B3C3-C7D7D3E6D15B}.Debug|x86.Build.0 = Debug|Any CPU
		{49EE203E-5A6F-438C-B3C3-C7D7D3E6D15B}.Release|Any CPU.ActiveCfg = Release|Any CPU
		{49EE203E-5A6F-438C-B3C3-C7D7D3E6D15B}.Release|Any CPU.Build.0 = Release|Any CPU
		{49EE203E-5A6F-438C-B3C3-C7D7D3E6D15B}.Release|x64.ActiveCfg = Release|Any CPU
		{49EE203E-5A6F-438C-B3C3-C7D7D3E6D15B}.Release|x64.Build.0 = Release|Any CPU
		{49EE203E-5A6F-438C-B3C3-C7D7D3E6D15B}.Release|x86.ActiveCfg = Release|Any CPU
		{49EE203E-5A6F-438C-B3C3-C7D7D3E6D15B}.Release|x86.Build.0 = Release|Any CPU
		{4B325F10-2CC5-4773-824F-1442385B87E8}.Debug|Any CPU.ActiveCfg = Debug|Any CPU
		{4B325F10-2CC5-4773-824F-1442385B87E8}.Debug|Any CPU.Build.0 = Debug|Any CPU
		{4B325F10-2CC5-4773-824F-1442385B87E8}.Debug|x64.ActiveCfg = Debug|Any CPU
		{4B325F10-2CC5-4773-824F-1442385B87E8}.Debug|x64.Build.0 = Debug|Any CPU
		{4B325F10-2CC5-4773-824F-1442385B87E8}.Debug|x86.ActiveCfg = Debug|Any CPU
		{4B325F10-2CC5-4773-824F-1442385B87E8}.Debug|x86.Build.0 = Debug|Any CPU
		{4B325F10-2CC5-4773-824F-1442385B87E8}.Release|Any CPU.ActiveCfg = Release|Any CPU
		{4B325F10-2CC5-4773-824F-1442385B87E8}.Release|Any CPU.Build.0 = Release|Any CPU
		{4B325F10-2CC5-4773-824F-1442385B87E8}.Release|x64.ActiveCfg = Release|Any CPU
		{4B325F10-2CC5-4773-824F-1442385B87E8}.Release|x64.Build.0 = Release|Any CPU
		{4B325F10-2CC5-4773-824F-1442385B87E8}.Release|x86.ActiveCfg = Release|Any CPU
		{4B325F10-2CC5-4773-824F-1442385B87E8}.Release|x86.Build.0 = Release|Any CPU
		{36D88A52-2AE7-4788-B5E8-B335F7AB0D1C}.Debug|Any CPU.ActiveCfg = Debug|Any CPU
		{36D88A52-2AE7-4788-B5E8-B335F7AB0D1C}.Debug|Any CPU.Build.0 = Debug|Any CPU
		{36D88A52-2AE7-4788-B5E8-B335F7AB0D1C}.Debug|x64.ActiveCfg = Debug|Any CPU
		{36D88A52-2AE7-4788-B5E8-B335F7AB0D1C}.Debug|x64.Build.0 = Debug|Any CPU
		{36D88A52-2AE7-4788-B5E8-B335F7AB0D1C}.Debug|x86.ActiveCfg = Debug|Any CPU
		{36D88A52-2AE7-4788-B5E8-B335F7AB0D1C}.Debug|x86.Build.0 = Debug|Any CPU
		{36D88A52-2AE7-4788-B5E8-B335F7AB0D1C}.Release|Any CPU.ActiveCfg = Release|Any CPU
		{36D88A52-2AE7-4788-B5E8-B335F7AB0D1C}.Release|Any CPU.Build.0 = Release|Any CPU
		{36D88A52-2AE7-4788-B5E8-B335F7AB0D1C}.Release|x64.ActiveCfg = Release|Any CPU
		{36D88A52-2AE7-4788-B5E8-B335F7AB0D1C}.Release|x64.Build.0 = Release|Any CPU
		{36D88A52-2AE7-4788-B5E8-B335F7AB0D1C}.Release|x86.ActiveCfg = Release|Any CPU
		{36D88A52-2AE7-4788-B5E8-B335F7AB0D1C}.Release|x86.Build.0 = Release|Any CPU
		{5D325B0A-AB41-4577-99FB-DC1777DBDCFA}.Debug|Any CPU.ActiveCfg = Debug|Any CPU
		{5D325B0A-AB41-4577-99FB-DC1777DBDCFA}.Debug|Any CPU.Build.0 = Debug|Any CPU
		{5D325B0A-AB41-4577-99FB-DC1777DBDCFA}.Debug|x64.ActiveCfg = Debug|Any CPU
		{5D325B0A-AB41-4577-99FB-DC1777DBDCFA}.Debug|x64.Build.0 = Debug|Any CPU
		{5D325B0A-AB41-4577-99FB-DC1777DBDCFA}.Debug|x86.ActiveCfg = Debug|Any CPU
		{5D325B0A-AB41-4577-99FB-DC1777DBDCFA}.Debug|x86.Build.0 = Debug|Any CPU
		{5D325B0A-AB41-4577-99FB-DC1777DBDCFA}.Release|Any CPU.ActiveCfg = Release|Any CPU
		{5D325B0A-AB41-4577-99FB-DC1777DBDCFA}.Release|Any CPU.Build.0 = Release|Any CPU
		{5D325B0A-AB41-4577-99FB-DC1777DBDCFA}.Release|x64.ActiveCfg = Release|Any CPU
		{5D325B0A-AB41-4577-99FB-DC1777DBDCFA}.Release|x64.Build.0 = Release|Any CPU
		{5D325B0A-AB41-4577-99FB-DC1777DBDCFA}.Release|x86.ActiveCfg = Release|Any CPU
		{5D325B0A-AB41-4577-99FB-DC1777DBDCFA}.Release|x86.Build.0 = Release|Any CPU
		{60768DB0-81AC-4FEA-8BD8-52CF0689B460}.Debug|Any CPU.ActiveCfg = Debug|Any CPU
		{60768DB0-81AC-4FEA-8BD8-52CF0689B460}.Debug|Any CPU.Build.0 = Debug|Any CPU
		{60768DB0-81AC-4FEA-8BD8-52CF0689B460}.Debug|x64.ActiveCfg = Debug|Any CPU
		{60768DB0-81AC-4FEA-8BD8-52CF0689B460}.Debug|x64.Build.0 = Debug|Any CPU
		{60768DB0-81AC-4FEA-8BD8-52CF0689B460}.Debug|x86.ActiveCfg = Debug|Any CPU
		{60768DB0-81AC-4FEA-8BD8-52CF0689B460}.Debug|x86.Build.0 = Debug|Any CPU
		{60768DB0-81AC-4FEA-8BD8-52CF0689B460}.Release|Any CPU.ActiveCfg = Release|Any CPU
		{60768DB0-81AC-4FEA-8BD8-52CF0689B460}.Release|Any CPU.Build.0 = Release|Any CPU
		{60768DB0-81AC-4FEA-8BD8-52CF0689B460}.Release|x64.ActiveCfg = Release|Any CPU
		{60768DB0-81AC-4FEA-8BD8-52CF0689B460}.Release|x64.Build.0 = Release|Any CPU
		{60768DB0-81AC-4FEA-8BD8-52CF0689B460}.Release|x86.ActiveCfg = Release|Any CPU
		{60768DB0-81AC-4FEA-8BD8-52CF0689B460}.Release|x86.Build.0 = Release|Any CPU
		{22D323CD-12FB-419B-8B9E-978F7825C128}.Debug|Any CPU.ActiveCfg = Debug|Any CPU
		{22D323CD-12FB-419B-8B9E-978F7825C128}.Debug|Any CPU.Build.0 = Debug|Any CPU
		{22D323CD-12FB-419B-8B9E-978F7825C128}.Debug|x64.ActiveCfg = Debug|Any CPU
		{22D323CD-12FB-419B-8B9E-978F7825C128}.Debug|x64.Build.0 = Debug|Any CPU
		{22D323CD-12FB-419B-8B9E-978F7825C128}.Debug|x86.ActiveCfg = Debug|Any CPU
		{22D323CD-12FB-419B-8B9E-978F7825C128}.Debug|x86.Build.0 = Debug|Any CPU
		{22D323CD-12FB-419B-8B9E-978F7825C128}.Release|Any CPU.ActiveCfg = Release|Any CPU
		{22D323CD-12FB-419B-8B9E-978F7825C128}.Release|Any CPU.Build.0 = Release|Any CPU
		{22D323CD-12FB-419B-8B9E-978F7825C128}.Release|x64.ActiveCfg = Release|Any CPU
		{22D323CD-12FB-419B-8B9E-978F7825C128}.Release|x64.Build.0 = Release|Any CPU
		{22D323CD-12FB-419B-8B9E-978F7825C128}.Release|x86.ActiveCfg = Release|Any CPU
		{22D323CD-12FB-419B-8B9E-978F7825C128}.Release|x86.Build.0 = Release|Any CPU
		{CC40B612-DC11-4576-9EB9-63E70C008FC6}.Debug|Any CPU.ActiveCfg = Debug|Any CPU
		{CC40B612-DC11-4576-9EB9-63E70C008FC6}.Debug|Any CPU.Build.0 = Debug|Any CPU
		{CC40B612-DC11-4576-9EB9-63E70C008FC6}.Debug|x64.ActiveCfg = Debug|Any CPU
		{CC40B612-DC11-4576-9EB9-63E70C008FC6}.Debug|x64.Build.0 = Debug|Any CPU
		{CC40B612-DC11-4576-9EB9-63E70C008FC6}.Debug|x86.ActiveCfg = Debug|Any CPU
		{CC40B612-DC11-4576-9EB9-63E70C008FC6}.Debug|x86.Build.0 = Debug|Any CPU
		{CC40B612-DC11-4576-9EB9-63E70C008FC6}.Release|Any CPU.ActiveCfg = Release|Any CPU
		{CC40B612-DC11-4576-9EB9-63E70C008FC6}.Release|Any CPU.Build.0 = Release|Any CPU
		{CC40B612-DC11-4576-9EB9-63E70C008FC6}.Release|x64.ActiveCfg = Release|Any CPU
		{CC40B612-DC11-4576-9EB9-63E70C008FC6}.Release|x64.Build.0 = Release|Any CPU
		{CC40B612-DC11-4576-9EB9-63E70C008FC6}.Release|x86.ActiveCfg = Release|Any CPU
		{CC40B612-DC11-4576-9EB9-63E70C008FC6}.Release|x86.Build.0 = Release|Any CPU
		{1E7A8714-DE2B-404B-BA21-B47519173D2F}.Debug|Any CPU.ActiveCfg = Debug|Any CPU
		{1E7A8714-DE2B-404B-BA21-B47519173D2F}.Debug|Any CPU.Build.0 = Debug|Any CPU
		{1E7A8714-DE2B-404B-BA21-B47519173D2F}.Debug|x64.ActiveCfg = Debug|Any CPU
		{1E7A8714-DE2B-404B-BA21-B47519173D2F}.Debug|x64.Build.0 = Debug|Any CPU
		{1E7A8714-DE2B-404B-BA21-B47519173D2F}.Debug|x86.ActiveCfg = Debug|Any CPU
		{1E7A8714-DE2B-404B-BA21-B47519173D2F}.Debug|x86.Build.0 = Debug|Any CPU
		{1E7A8714-DE2B-404B-BA21-B47519173D2F}.Release|Any CPU.ActiveCfg = Release|Any CPU
		{1E7A8714-DE2B-404B-BA21-B47519173D2F}.Release|Any CPU.Build.0 = Release|Any CPU
		{1E7A8714-DE2B-404B-BA21-B47519173D2F}.Release|x64.ActiveCfg = Release|Any CPU
		{1E7A8714-DE2B-404B-BA21-B47519173D2F}.Release|x64.Build.0 = Release|Any CPU
		{1E7A8714-DE2B-404B-BA21-B47519173D2F}.Release|x86.ActiveCfg = Release|Any CPU
		{1E7A8714-DE2B-404B-BA21-B47519173D2F}.Release|x86.Build.0 = Release|Any CPU
		{8BDFC0BA-EF11-47D7-9A81-54400309CE7F}.Debug|Any CPU.ActiveCfg = Debug|Any CPU
		{8BDFC0BA-EF11-47D7-9A81-54400309CE7F}.Debug|Any CPU.Build.0 = Debug|Any CPU
		{8BDFC0BA-EF11-47D7-9A81-54400309CE7F}.Debug|x64.ActiveCfg = Debug|Any CPU
		{8BDFC0BA-EF11-47D7-9A81-54400309CE7F}.Debug|x64.Build.0 = Debug|Any CPU
		{8BDFC0BA-EF11-47D7-9A81-54400309CE7F}.Debug|x86.ActiveCfg = Debug|Any CPU
		{8BDFC0BA-EF11-47D7-9A81-54400309CE7F}.Debug|x86.Build.0 = Debug|Any CPU
		{8BDFC0BA-EF11-47D7-9A81-54400309CE7F}.Release|Any CPU.ActiveCfg = Release|Any CPU
		{8BDFC0BA-EF11-47D7-9A81-54400309CE7F}.Release|Any CPU.Build.0 = Release|Any CPU
		{8BDFC0BA-EF11-47D7-9A81-54400309CE7F}.Release|x64.ActiveCfg = Release|Any CPU
		{8BDFC0BA-EF11-47D7-9A81-54400309CE7F}.Release|x64.Build.0 = Release|Any CPU
		{8BDFC0BA-EF11-47D7-9A81-54400309CE7F}.Release|x86.ActiveCfg = Release|Any CPU
		{8BDFC0BA-EF11-47D7-9A81-54400309CE7F}.Release|x86.Build.0 = Release|Any CPU
		{71772716-9F26-4512-9140-A953332C811C}.Debug|Any CPU.ActiveCfg = Debug|Any CPU
		{71772716-9F26-4512-9140-A953332C811C}.Debug|Any CPU.Build.0 = Debug|Any CPU
		{71772716-9F26-4512-9140-A953332C811C}.Debug|x64.ActiveCfg = Debug|Any CPU
		{71772716-9F26-4512-9140-A953332C811C}.Debug|x64.Build.0 = Debug|Any CPU
		{71772716-9F26-4512-9140-A953332C811C}.Debug|x86.ActiveCfg = Debug|Any CPU
		{71772716-9F26-4512-9140-A953332C811C}.Debug|x86.Build.0 = Debug|Any CPU
		{71772716-9F26-4512-9140-A953332C811C}.Release|Any CPU.ActiveCfg = Release|Any CPU
		{71772716-9F26-4512-9140-A953332C811C}.Release|Any CPU.Build.0 = Release|Any CPU
		{71772716-9F26-4512-9140-A953332C811C}.Release|x64.ActiveCfg = Release|Any CPU
		{71772716-9F26-4512-9140-A953332C811C}.Release|x64.Build.0 = Release|Any CPU
		{71772716-9F26-4512-9140-A953332C811C}.Release|x86.ActiveCfg = Release|Any CPU
		{71772716-9F26-4512-9140-A953332C811C}.Release|x86.Build.0 = Release|Any CPU
		{EEB97BB5-C7D8-4468-9AA4-D6037AA54B2D}.Debug|Any CPU.ActiveCfg = Debug|Any CPU
		{EEB97BB5-C7D8-4468-9AA4-D6037AA54B2D}.Debug|Any CPU.Build.0 = Debug|Any CPU
		{EEB97BB5-C7D8-4468-9AA4-D6037AA54B2D}.Debug|x64.ActiveCfg = Debug|Any CPU
		{EEB97BB5-C7D8-4468-9AA4-D6037AA54B2D}.Debug|x64.Build.0 = Debug|Any CPU
		{EEB97BB5-C7D8-4468-9AA4-D6037AA54B2D}.Debug|x86.ActiveCfg = Debug|Any CPU
		{EEB97BB5-C7D8-4468-9AA4-D6037AA54B2D}.Debug|x86.Build.0 = Debug|Any CPU
		{EEB97BB5-C7D8-4468-9AA4-D6037AA54B2D}.Release|Any CPU.ActiveCfg = Release|Any CPU
		{EEB97BB5-C7D8-4468-9AA4-D6037AA54B2D}.Release|Any CPU.Build.0 = Release|Any CPU
		{EEB97BB5-C7D8-4468-9AA4-D6037AA54B2D}.Release|x64.ActiveCfg = Release|Any CPU
		{EEB97BB5-C7D8-4468-9AA4-D6037AA54B2D}.Release|x64.Build.0 = Release|Any CPU
		{EEB97BB5-C7D8-4468-9AA4-D6037AA54B2D}.Release|x86.ActiveCfg = Release|Any CPU
		{EEB97BB5-C7D8-4468-9AA4-D6037AA54B2D}.Release|x86.Build.0 = Release|Any CPU
		{078A011A-05A2-427F-898F-288346BD7DA5}.Debug|Any CPU.ActiveCfg = Debug|Any CPU
		{078A011A-05A2-427F-898F-288346BD7DA5}.Debug|Any CPU.Build.0 = Debug|Any CPU
		{078A011A-05A2-427F-898F-288346BD7DA5}.Debug|x64.ActiveCfg = Debug|Any CPU
		{078A011A-05A2-427F-898F-288346BD7DA5}.Debug|x64.Build.0 = Debug|Any CPU
		{078A011A-05A2-427F-898F-288346BD7DA5}.Debug|x86.ActiveCfg = Debug|Any CPU
		{078A011A-05A2-427F-898F-288346BD7DA5}.Debug|x86.Build.0 = Debug|Any CPU
		{078A011A-05A2-427F-898F-288346BD7DA5}.Release|Any CPU.ActiveCfg = Release|Any CPU
		{078A011A-05A2-427F-898F-288346BD7DA5}.Release|Any CPU.Build.0 = Release|Any CPU
		{078A011A-05A2-427F-898F-288346BD7DA5}.Release|x64.ActiveCfg = Release|Any CPU
		{078A011A-05A2-427F-898F-288346BD7DA5}.Release|x64.Build.0 = Release|Any CPU
		{078A011A-05A2-427F-898F-288346BD7DA5}.Release|x86.ActiveCfg = Release|Any CPU
		{078A011A-05A2-427F-898F-288346BD7DA5}.Release|x86.Build.0 = Release|Any CPU
		{2CC5FF45-49B2-42FB-866A-B86481B4E8C4}.Debug|Any CPU.ActiveCfg = Debug|Any CPU
		{2CC5FF45-49B2-42FB-866A-B86481B4E8C4}.Debug|Any CPU.Build.0 = Debug|Any CPU
		{2CC5FF45-49B2-42FB-866A-B86481B4E8C4}.Debug|x64.ActiveCfg = Debug|Any CPU
		{2CC5FF45-49B2-42FB-866A-B86481B4E8C4}.Debug|x64.Build.0 = Debug|Any CPU
		{2CC5FF45-49B2-42FB-866A-B86481B4E8C4}.Debug|x86.ActiveCfg = Debug|Any CPU
		{2CC5FF45-49B2-42FB-866A-B86481B4E8C4}.Debug|x86.Build.0 = Debug|Any CPU
		{2CC5FF45-49B2-42FB-866A-B86481B4E8C4}.Release|Any CPU.ActiveCfg = Release|Any CPU
		{2CC5FF45-49B2-42FB-866A-B86481B4E8C4}.Release|Any CPU.Build.0 = Release|Any CPU
		{2CC5FF45-49B2-42FB-866A-B86481B4E8C4}.Release|x64.ActiveCfg = Release|Any CPU
		{2CC5FF45-49B2-42FB-866A-B86481B4E8C4}.Release|x64.Build.0 = Release|Any CPU
		{2CC5FF45-49B2-42FB-866A-B86481B4E8C4}.Release|x86.ActiveCfg = Release|Any CPU
		{2CC5FF45-49B2-42FB-866A-B86481B4E8C4}.Release|x86.Build.0 = Release|Any CPU
		{4858D78D-F825-4BAF-9116-AA82D6B42CD3}.Debug|Any CPU.ActiveCfg = Debug|Any CPU
		{4858D78D-F825-4BAF-9116-AA82D6B42CD3}.Debug|Any CPU.Build.0 = Debug|Any CPU
		{4858D78D-F825-4BAF-9116-AA82D6B42CD3}.Debug|x64.ActiveCfg = Debug|Any CPU
		{4858D78D-F825-4BAF-9116-AA82D6B42CD3}.Debug|x64.Build.0 = Debug|Any CPU
		{4858D78D-F825-4BAF-9116-AA82D6B42CD3}.Debug|x86.ActiveCfg = Debug|Any CPU
		{4858D78D-F825-4BAF-9116-AA82D6B42CD3}.Debug|x86.Build.0 = Debug|Any CPU
		{4858D78D-F825-4BAF-9116-AA82D6B42CD3}.Release|Any CPU.ActiveCfg = Release|Any CPU
		{4858D78D-F825-4BAF-9116-AA82D6B42CD3}.Release|Any CPU.Build.0 = Release|Any CPU
		{4858D78D-F825-4BAF-9116-AA82D6B42CD3}.Release|x64.ActiveCfg = Release|Any CPU
		{4858D78D-F825-4BAF-9116-AA82D6B42CD3}.Release|x64.Build.0 = Release|Any CPU
		{4858D78D-F825-4BAF-9116-AA82D6B42CD3}.Release|x86.ActiveCfg = Release|Any CPU
		{4858D78D-F825-4BAF-9116-AA82D6B42CD3}.Release|x86.Build.0 = Release|Any CPU
		{5022317C-67D8-47E7-B8D4-1627F7BE7414}.Debug|Any CPU.ActiveCfg = Debug|Any CPU
		{5022317C-67D8-47E7-B8D4-1627F7BE7414}.Debug|Any CPU.Build.0 = Debug|Any CPU
		{5022317C-67D8-47E7-B8D4-1627F7BE7414}.Debug|x64.ActiveCfg = Debug|Any CPU
		{5022317C-67D8-47E7-B8D4-1627F7BE7414}.Debug|x64.Build.0 = Debug|Any CPU
		{5022317C-67D8-47E7-B8D4-1627F7BE7414}.Debug|x86.ActiveCfg = Debug|Any CPU
		{5022317C-67D8-47E7-B8D4-1627F7BE7414}.Debug|x86.Build.0 = Debug|Any CPU
		{5022317C-67D8-47E7-B8D4-1627F7BE7414}.Release|Any CPU.ActiveCfg = Release|Any CPU
		{5022317C-67D8-47E7-B8D4-1627F7BE7414}.Release|Any CPU.Build.0 = Release|Any CPU
		{5022317C-67D8-47E7-B8D4-1627F7BE7414}.Release|x64.ActiveCfg = Release|Any CPU
		{5022317C-67D8-47E7-B8D4-1627F7BE7414}.Release|x64.Build.0 = Release|Any CPU
		{5022317C-67D8-47E7-B8D4-1627F7BE7414}.Release|x86.ActiveCfg = Release|Any CPU
		{5022317C-67D8-47E7-B8D4-1627F7BE7414}.Release|x86.Build.0 = Release|Any CPU
		{35CCEFC7-7494-45EF-860E-F61CAEBB5AEA}.Debug|Any CPU.ActiveCfg = Debug|Any CPU
		{35CCEFC7-7494-45EF-860E-F61CAEBB5AEA}.Debug|Any CPU.Build.0 = Debug|Any CPU
		{35CCEFC7-7494-45EF-860E-F61CAEBB5AEA}.Debug|x64.ActiveCfg = Debug|Any CPU
		{35CCEFC7-7494-45EF-860E-F61CAEBB5AEA}.Debug|x64.Build.0 = Debug|Any CPU
		{35CCEFC7-7494-45EF-860E-F61CAEBB5AEA}.Debug|x86.ActiveCfg = Debug|Any CPU
		{35CCEFC7-7494-45EF-860E-F61CAEBB5AEA}.Debug|x86.Build.0 = Debug|Any CPU
		{35CCEFC7-7494-45EF-860E-F61CAEBB5AEA}.Release|Any CPU.ActiveCfg = Release|Any CPU
		{35CCEFC7-7494-45EF-860E-F61CAEBB5AEA}.Release|Any CPU.Build.0 = Release|Any CPU
		{35CCEFC7-7494-45EF-860E-F61CAEBB5AEA}.Release|x64.ActiveCfg = Release|Any CPU
		{35CCEFC7-7494-45EF-860E-F61CAEBB5AEA}.Release|x64.Build.0 = Release|Any CPU
		{35CCEFC7-7494-45EF-860E-F61CAEBB5AEA}.Release|x86.ActiveCfg = Release|Any CPU
		{35CCEFC7-7494-45EF-860E-F61CAEBB5AEA}.Release|x86.Build.0 = Release|Any CPU
		{AD4B6764-B869-4DF3-A808-804D8C5E9D52}.Debug|Any CPU.ActiveCfg = Debug|Any CPU
		{AD4B6764-B869-4DF3-A808-804D8C5E9D52}.Debug|Any CPU.Build.0 = Debug|Any CPU
		{AD4B6764-B869-4DF3-A808-804D8C5E9D52}.Debug|x64.ActiveCfg = Debug|Any CPU
		{AD4B6764-B869-4DF3-A808-804D8C5E9D52}.Debug|x64.Build.0 = Debug|Any CPU
		{AD4B6764-B869-4DF3-A808-804D8C5E9D52}.Debug|x86.ActiveCfg = Debug|Any CPU
		{AD4B6764-B869-4DF3-A808-804D8C5E9D52}.Debug|x86.Build.0 = Debug|Any CPU
		{AD4B6764-B869-4DF3-A808-804D8C5E9D52}.Release|Any CPU.ActiveCfg = Release|Any CPU
		{AD4B6764-B869-4DF3-A808-804D8C5E9D52}.Release|Any CPU.Build.0 = Release|Any CPU
		{AD4B6764-B869-4DF3-A808-804D8C5E9D52}.Release|x64.ActiveCfg = Release|Any CPU
		{AD4B6764-B869-4DF3-A808-804D8C5E9D52}.Release|x64.Build.0 = Release|Any CPU
		{AD4B6764-B869-4DF3-A808-804D8C5E9D52}.Release|x86.ActiveCfg = Release|Any CPU
		{AD4B6764-B869-4DF3-A808-804D8C5E9D52}.Release|x86.Build.0 = Release|Any CPU
	EndGlobalSection
	GlobalSection(SolutionProperties) = preSolution
		HideSolutionNode = FALSE
	EndGlobalSection
	GlobalSection(NestedProjects) = preSolution
		{8D626EA8-CB54-BC41-363A-217881BEBA6E} = {827E0CD3-B72D-47B6-A68D-7590B98EB39B}
		{9069D248-F0CE-430A-A3D7-E7BFD7635B60} = {8D626EA8-CB54-BC41-363A-217881BEBA6E}
		{EC2A59F0-6B9A-414A-BFEF-685C4F57F8F1} = {8D626EA8-CB54-BC41-363A-217881BEBA6E}
		{D349A222-B20A-47BC-AB2F-914E6AA4ECB3} = {8D626EA8-CB54-BC41-363A-217881BEBA6E}
		{09108480-725A-3CF3-E626-E2F33F0A58E4} = {827E0CD3-B72D-47B6-A68D-7590B98EB39B}
		{E0A5C0CE-8995-411D-9ED0-572B94688CAB} = {09108480-725A-3CF3-E626-E2F33F0A58E4}
		{3F4AA565-009E-4A23-A5EA-62B1E3BD5029} = {09108480-725A-3CF3-E626-E2F33F0A58E4}
		{547E75E0-49BC-27F6-65D6-DF25CFFB661A} = {827E0CD3-B72D-47B6-A68D-7590B98EB39B}
		{302E48DF-09FB-49F0-BB58-62CAC25D3BB8} = {547E75E0-49BC-27F6-65D6-DF25CFFB661A}
		{B858B291-6694-4F4F-6ACD-B440EE047BFB} = {827E0CD3-B72D-47B6-A68D-7590B98EB39B}
		{49EE203E-5A6F-438C-B3C3-C7D7D3E6D15B} = {B858B291-6694-4F4F-6ACD-B440EE047BFB}
		{ADBF7C55-E4CD-9CBC-6C69-7DAFC7CAC9C8} = {827E0CD3-B72D-47B6-A68D-7590B98EB39B}
		{4B325F10-2CC5-4773-824F-1442385B87E8} = {ADBF7C55-E4CD-9CBC-6C69-7DAFC7CAC9C8}
		{36D88A52-2AE7-4788-B5E8-B335F7AB0D1C} = {ADBF7C55-E4CD-9CBC-6C69-7DAFC7CAC9C8}
		{90278563-24EF-8375-17C5-907445675A63} = {827E0CD3-B72D-47B6-A68D-7590B98EB39B}
		{5D325B0A-AB41-4577-99FB-DC1777DBDCFA} = {90278563-24EF-8375-17C5-907445675A63}
		{60768DB0-81AC-4FEA-8BD8-52CF0689B460} = {90278563-24EF-8375-17C5-907445675A63}
		{351A7BE6-B036-BDE8-A0F1-BA266E226DDF} = {827E0CD3-B72D-47B6-A68D-7590B98EB39B}
		{22D323CD-12FB-419B-8B9E-978F7825C128} = {351A7BE6-B036-BDE8-A0F1-BA266E226DDF}
		{5E638663-E2E8-BA95-4262-ED9AF1A2B426} = {827E0CD3-B72D-47B6-A68D-7590B98EB39B}
		{CC40B612-DC11-4576-9EB9-63E70C008FC6} = {5E638663-E2E8-BA95-4262-ED9AF1A2B426}
		{DD1FA8D5-FF0C-725E-47E0-4BB71A28F0D1} = {827E0CD3-B72D-47B6-A68D-7590B98EB39B}
		{1E7A8714-DE2B-404B-BA21-B47519173D2F} = {DD1FA8D5-FF0C-725E-47E0-4BB71A28F0D1}
		{A5179C31-AFC4-331C-EE57-711AFE8D52FD} = {827E0CD3-B72D-47B6-A68D-7590B98EB39B}
		{8BDFC0BA-EF11-47D7-9A81-54400309CE7F} = {A5179C31-AFC4-331C-EE57-711AFE8D52FD}
		{48426FFD-49C5-4FEC-3D33-2CFC51CFFB3C} = {827E0CD3-B72D-47B6-A68D-7590B98EB39B}
		{71772716-9F26-4512-9140-A953332C811C} = {48426FFD-49C5-4FEC-3D33-2CFC51CFFB3C}
		{EEB97BB5-C7D8-4468-9AA4-D6037AA54B2D} = {48426FFD-49C5-4FEC-3D33-2CFC51CFFB3C}
		{078A011A-05A2-427F-898F-288346BD7DA5} = {48426FFD-49C5-4FEC-3D33-2CFC51CFFB3C}
		{2CC5FF45-49B2-42FB-866A-B86481B4E8C4} = {48426FFD-49C5-4FEC-3D33-2CFC51CFFB3C}
		{75755999-07F8-FCE1-5291-0A39D3ADE9A7} = {827E0CD3-B72D-47B6-A68D-7590B98EB39B}
		{4858D78D-F825-4BAF-9116-AA82D6B42CD3} = {75755999-07F8-FCE1-5291-0A39D3ADE9A7}
		{5022317C-67D8-47E7-B8D4-1627F7BE7414} = {75755999-07F8-FCE1-5291-0A39D3ADE9A7}
		{35CCEFC7-7494-45EF-860E-F61CAEBB5AEA} = {75755999-07F8-FCE1-5291-0A39D3ADE9A7}
		{AD4B6764-B869-4DF3-A808-804D8C5E9D52} = {75755999-07F8-FCE1-5291-0A39D3ADE9A7}
	EndGlobalSection
EndGlobal
